{
  "name": "kotlinweb",
  "version": "1.0.1",
  "lockfileVersion": 1,
  "requires": true,
  "dependencies": {
    "vertx3-full": {
      "version": "3.4.2",
      "resolved": "https://registry.npmjs.org/vertx3-full/-/vertx3-full-3.4.2.tgz",
      "integrity": "sha512-K66W1ne3AcjphbW0HyTi18TieYqCQJQauZigKGRAG4w4fVhkwL1m0ehtxFMbQTp/Nd6bY9Xuq+ZekAPjzWCVUg=="
    }
  }
}
